
Microsoft Visual Studio Solution File, Format Version 12.00
# Visual Studio 15
VisualStudioVersion = 15.0.28307.539
MinimumVisualStudioVersion = 10.0.40219.1
Project("{FAE04EC0-301F-11D3-BF4B-00C04F79EFBC}") = "MobileApps2Project.Android", "MobileApps2Project\MobileApps2Project.Android\MobileApps2Project.Android.csproj", "{40C363F4-45B1-444A-8217-C3538E03B05B}"
EndProject
Project("{FAE04EC0-301F-11D3-BF4B-00C04F79EFBC}") = "MobileApps2Project.iOS", "MobileApps2Project\MobileApps2Project.iOS\MobileApps2Project.iOS.csproj", "{D3AC030D-1CEE-4F28-85D4-2ADEC287BF2A}"
EndProject
Project("{FAE04EC0-301F-11D3-BF4B-00C04F79EFBC}") = "MobileApps2Project.UWP", "MobileApps2Project\MobileApps2Project.UWP\MobileApps2Project.UWP.csproj", "{DC728A39-E84C-4B07-A2BE-502DC436F210}"
EndProject
Project("{FAE04EC0-301F-11D3-BF4B-00C04F79EFBC}") = "MobileApps2Project", "MobileApps2Project\MobileApps2Project\MobileApps2Project.csproj", "{DC315083-1A27-4A49-8474-1CEC214915AB}"
EndProject
Global
	GlobalSection(SolutionConfigurationPlatforms) = preSolution
		Ad-Hoc|Any CPU = Ad-Hoc|Any CPU
		Ad-Hoc|ARM = Ad-Hoc|ARM
		Ad-Hoc|iPhone = Ad-Hoc|iPhone
		Ad-Hoc|iPhoneSimulator = Ad-Hoc|iPhoneSimulator
		Ad-Hoc|x64 = Ad-Hoc|x64
		Ad-Hoc|x86 = Ad-Hoc|x86
		AppStore|Any CPU = AppStore|Any CPU
		AppStore|ARM = AppStore|ARM
		AppStore|iPhone = AppStore|iPhone
		AppStore|iPhoneSimulator = AppStore|iPhoneSimulator
		AppStore|x64 = AppStore|x64
		AppStore|x86 = AppStore|x86
		Debug|Any CPU = Debug|Any CPU
		Debug|ARM = Debug|ARM
		Debug|iPhone = Debug|iPhone
		Debug|iPhoneSimulator = Debug|iPhoneSimulator
		Debug|x64 = Debug|x64
		Debug|x86 = Debug|x86
		Release|Any CPU = Release|Any CPU
		Release|ARM = Release|ARM
		Release|iPhone = Release|iPhone
		Release|iPhoneSimulator = Release|iPhoneSimulator
		Release|x64 = Release|x64
		Release|x86 = Release|x86
	EndGlobalSection
	GlobalSection(ProjectConfigurationPlatforms) = postSolution
		{40C363F4-45B1-444A-8217-C3538E03B05B}.Ad-Hoc|Any CPU.ActiveCfg = Release|Any CPU
		{40C363F4-45B1-444A-8217-C3538E03B05B}.Ad-Hoc|Any CPU.Build.0 = Release|Any CPU
		{40C363F4-45B1-444A-8217-C3538E03B05B}.Ad-Hoc|Any CPU.Deploy.0 = Release|Any CPU
		{40C363F4-45B1-444A-8217-C3538E03B05B}.Ad-Hoc|ARM.ActiveCfg = Release|Any CPU
		{40C363F4-45B1-444A-8217-C3538E03B05B}.Ad-Hoc|ARM.Build.0 = Release|Any CPU
		{40C363F4-45B1-444A-8217-C3538E03B05B}.Ad-Hoc|ARM.Deploy.0 = Release|Any CPU
		{40C363F4-45B1-444A-8217-C3538E03B05B}.Ad-Hoc|iPhone.ActiveCfg = Release|Any CPU
		{40C363F4-45B1-444A-8217-C3538E03B05B}.Ad-Hoc|iPhone.Build.0 = Release|Any CPU
		{40C363F4-45B1-444A-8217-C3538E03B05B}.Ad-Hoc|iPhone.Deploy.0 = Release|Any CPU
		{40C363F4-45B1-444A-8217-C3538E03B05B}.Ad-Hoc|iPhoneSimulator.ActiveCfg = Release|Any CPU
		{40C363F4-45B1-444A-8217-C3538E03B05B}.Ad-Hoc|iPhoneSimulator.Build.0 = Release|Any CPU
		{40C363F4-45B1-444A-8217-C3538E03B05B}.Ad-Hoc|iPhoneSimulator.Deploy.0 = Release|Any CPU
		{40C363F4-45B1-444A-8217-C3538E03B05B}.Ad-Hoc|x64.ActiveCfg = Release|Any CPU
		{40C363F4-45B1-444A-8217-C3538E03B05B}.Ad-Hoc|x64.Build.0 = Release|Any CPU
		{40C363F4-45B1-444A-8217-C3538E03B05B}.Ad-Hoc|x64.Deploy.0 = Release|Any CPU
		{40C363F4-45B1-444A-8217-C3538E03B05B}.Ad-Hoc|x86.ActiveCfg = Release|Any CPU
		{40C363F4-45B1-444A-8217-C3538E03B05B}.Ad-Hoc|x86.Build.0 = Release|Any CPU
		{40C363F4-45B1-444A-8217-C3538E03B05B}.Ad-Hoc|x86.Deploy.0 = Release|Any CPU
		{40C363F4-45B1-444A-8217-C3538E03B05B}.AppStore|Any CPU.ActiveCfg = Release|Any CPU
		{40C363F4-45B1-444A-8217-C3538E03B05B}.AppStore|Any CPU.Build.0 = Release|Any CPU
		{40C363F4-45B1-444A-8217-C3538E03B05B}.AppStore|Any CPU.Deploy.0 = Release|Any CPU
		{40C363F4-45B1-444A-8217-C3538E03B05B}.AppStore|ARM.ActiveCfg = Release|Any CPU
		{40C363F4-45B1-444A-8217-C3538E03B05B}.AppStore|ARM.Build.0 = Release|Any CPU
		{40C363F4-45B1-444A-8217-C3538E03B05B}.AppStore|ARM.Deploy.0 = Release|Any CPU
		{40C363F4-45B1-444A-8217-C3538E03B05B}.AppStore|iPhone.ActiveCfg = Release|Any CPU
		{40C363F4-45B1-444A-8217-C3538E03B05B}.AppStore|iPhone.Build.0 = Release|Any CPU
		{40C363F4-45B1-444A-8217-C3538E03B05B}.AppStore|iPhone.Deploy.0 = Release|Any CPU
		{40C363F4-45B1-444A-8217-C3538E03B05B}.AppStore|iPhoneSimulator.ActiveCfg = Release|Any CPU
		{40C363F4-45B1-444A-8217-C3538E03B05B}.AppStore|iPhoneSimulator.Build.0 = Release|Any CPU
		{40C363F4-45B1-444A-8217-C3538E03B05B}.AppStore|iPhoneSimulator.Deploy.0 = Release|Any CPU
		{40C363F4-45B1-444A-8217-C3538E03B05B}.AppStore|x64.ActiveCfg = Release|Any CPU
		{40C363F4-45B1-444A-8217-C3538E03B05B}.AppStore|x64.Build.0 = Release|Any CPU
		{40C363F4-45B1-444A-8217-C3538E03B05B}.AppStore|x64.Deploy.0 = Release|Any CPU
		{40C363F4-45B1-444A-8217-C3538E03B05B}.AppStore|x86.ActiveCfg = Release|Any CPU
		{40C363F4-45B1-444A-8217-C3538E03B05B}.AppStore|x86.Build.0 = Release|Any CPU
		{40C363F4-45B1-444A-8217-C3538E03B05B}.AppStore|x86.Deploy.0 = Release|Any CPU
		{40C363F4-45B1-444A-8217-C3538E03B05B}.Debug|Any CPU.ActiveCfg = Debug|Any CPU
		{40C363F4-45B1-444A-8217-C3538E03B05B}.Debug|Any CPU.Build.0 = Debug|Any CPU
		{40C363F4-45B1-444A-8217-C3538E03B05B}.Debug|Any CPU.Deploy.0 = Debug|Any CPU
		{40C363F4-45B1-444A-8217-C3538E03B05B}.Debug|ARM.ActiveCfg = Debug|Any CPU
		{40C363F4-45B1-444A-8217-C3538E03B05B}.Debug|ARM.Build.0 = Debug|Any CPU
		{40C363F4-45B1-444A-8217-C3538E03B05B}.Debug|ARM.Deploy.0 = Debug|Any CPU
		{40C363F4-45B1-444A-8217-C3538E03B05B}.Debug|iPhone.ActiveCfg = Debug|Any CPU
		{40C363F4-45B1-444A-8217-C3538E03B05B}.Debug|iPhone.Build.0 = Debug|Any CPU
		{40C363F4-45B1-444A-8217-C3538E03B05B}.Debug|iPhone.Deploy.0 = Debug|Any CPU
		{40C363F4-45B1-444A-8217-C3538E03B05B}.Debug|iPhoneSimulator.ActiveCfg = Debug|Any CPU
		{40C363F4-45B1-444A-8217-C3538E03B05B}.Debug|iPhoneSimulator.Build.0 = Debug|Any CPU
		{40C363F4-45B1-444A-8217-C3538E03B05B}.Debug|iPhoneSimulator.Deploy.0 = Debug|Any CPU
		{40C363F4-45B1-444A-8217-C3538E03B05B}.Debug|x64.ActiveCfg = Debug|Any CPU
		{40C363F4-45B1-444A-8217-C3538E03B05B}.Debug|x64.Build.0 = Debug|Any CPU
		{40C363F4-45B1-444A-8217-C3538E03B05B}.Debug|x64.Deploy.0 = Debug|Any CPU
		{40C363F4-45B1-444A-8217-C3538E03B05B}.Debug|x86.ActiveCfg = Debug|Any CPU
		{40C363F4-45B1-444A-8217-C3538E03B05B}.Debug|x86.Build.0 = Debug|Any CPU
		{40C363F4-45B1-444A-8217-C3538E03B05B}.Debug|x86.Deploy.0 = Debug|Any CPU
		{40C363F4-45B1-444A-8217-C3538E03B05B}.Release|Any CPU.ActiveCfg = Release|Any CPU
		{40C363F4-45B1-444A-8217-C3538E03B05B}.Release|Any CPU.Build.0 = Release|Any CPU
		{40C363F4-45B1-444A-8217-C3538E03B05B}.Release|Any CPU.Deploy.0 = Release|Any CPU
		{40C363F4-45B1-444A-8217-C3538E03B05B}.Release|ARM.ActiveCfg = Release|Any CPU
		{40C363F4-45B1-444A-8217-C3538E03B05B}.Release|ARM.Build.0 = Release|Any CPU
		{40C363F4-45B1-444A-8217-C3538E03B05B}.Release|ARM.Deploy.0 = Release|Any CPU
		{40C363F4-45B1-444A-8217-C3538E03B05B}.Release|iPhone.ActiveCfg = Release|Any CPU
		{40C363F4-45B1-444A-8217-C3538E03B05B}.Release|iPhone.Build.0 = Release|Any CPU
		{40C363F4-45B1-444A-8217-C3538E03B05B}.Release|iPhone.Deploy.0 = Release|Any CPU
		{40C363F4-45B1-444A-8217-C3538E03B05B}.Release|iPhoneSimulator.ActiveCfg = Release|Any CPU
		{40C363F4-45B1-444A-8217-C3538E03B05B}.Release|iPhoneSimulator.Build.0 = Release|Any CPU
		{40C363F4-45B1-444A-8217-C3538E03B05B}.Release|iPhoneSimulator.Deploy.0 = Release|Any CPU
		{40C363F4-45B1-444A-8217-C3538E03B05B}.Release|x64.ActiveCfg = Release|Any CPU
		{40C363F4-45B1-444A-8217-C3538E03B05B}.Release|x64.Build.0 = Release|Any CPU
		{40C363F4-45B1-444A-8217-C3538E03B05B}.Release|x64.Deploy.0 = Release|Any CPU
		{40C363F4-45B1-444A-8217-C3538E03B05B}.Release|x86.ActiveCfg = Release|Any CPU
		{40C363F4-45B1-444A-8217-C3538E03B05B}.Release|x86.Build.0 = Release|Any CPU
		{40C363F4-45B1-444A-8217-C3538E03B05B}.Release|x86.Deploy.0 = Release|Any CPU
		{D3AC030D-1CEE-4F28-85D4-2ADEC287BF2A}.Ad-Hoc|Any CPU.ActiveCfg = Ad-Hoc|iPhone
		{D3AC030D-1CEE-4F28-85D4-2ADEC287BF2A}.Ad-Hoc|Any CPU.Build.0 = Ad-Hoc|iPhone
		{D3AC030D-1CEE-4F28-85D4-2ADEC287BF2A}.Ad-Hoc|Any CPU.Deploy.0 = Ad-Hoc|iPhone
		{D3AC030D-1CEE-4F28-85D4-2ADEC287BF2A}.Ad-Hoc|ARM.ActiveCfg = Ad-Hoc|iPhone
		{D3AC030D-1CEE-4F28-85D4-2ADEC287BF2A}.Ad-Hoc|ARM.Build.0 = Ad-Hoc|iPhone
		{D3AC030D-1CEE-4F28-85D4-2ADEC287BF2A}.Ad-Hoc|ARM.Deploy.0 = Ad-Hoc|iPhone
		{D3AC030D-1CEE-4F28-85D4-2ADEC287BF2A}.Ad-Hoc|iPhone.ActiveCfg = Ad-Hoc|iPhone
		{D3AC030D-1CEE-4F28-85D4-2ADEC287BF2A}.Ad-Hoc|iPhone.Build.0 = Ad-Hoc|iPhone
		{D3AC030D-1CEE-4F28-85D4-2ADEC287BF2A}.Ad-Hoc|iPhone.Deploy.0 = Ad-Hoc|iPhone
		{D3AC030D-1CEE-4F28-85D4-2ADEC287BF2A}.Ad-Hoc|iPhoneSimulator.ActiveCfg = Ad-Hoc|iPhoneSimulator
		{D3AC030D-1CEE-4F28-85D4-2ADEC287BF2A}.Ad-Hoc|iPhoneSimulator.Build.0 = Ad-Hoc|iPhoneSimulator
		{D3AC030D-1CEE-4F28-85D4-2ADEC287BF2A}.Ad-Hoc|iPhoneSimulator.Deploy.0 = Ad-Hoc|iPhoneSimulator
		{D3AC030D-1CEE-4F28-85D4-2ADEC287BF2A}.Ad-Hoc|x64.ActiveCfg = Ad-Hoc|iPhone
		{D3AC030D-1CEE-4F28-85D4-2ADEC287BF2A}.Ad-Hoc|x64.Build.0 = Ad-Hoc|iPhone
		{D3AC030D-1CEE-4F28-85D4-2ADEC287BF2A}.Ad-Hoc|x64.Deploy.0 = Ad-Hoc|iPhone
		{D3AC030D-1CEE-4F28-85D4-2ADEC287BF2A}.Ad-Hoc|x86.ActiveCfg = Ad-Hoc|iPhone
		{D3AC030D-1CEE-4F28-85D4-2ADEC287BF2A}.Ad-Hoc|x86.Build.0 = Ad-Hoc|iPhone
		{D3AC030D-1CEE-4F28-85D4-2ADEC287BF2A}.Ad-Hoc|x86.Deploy.0 = Ad-Hoc|iPhone
		{D3AC030D-1CEE-4F28-85D4-2ADEC287BF2A}.AppStore|Any CPU.ActiveCfg = AppStore|iPhone
		{D3AC030D-1CEE-4F28-85D4-2ADEC287BF2A}.AppStore|Any CPU.Build.0 = AppStore|iPhone
		{D3AC030D-1CEE-4F28-85D4-2ADEC287BF2A}.AppStore|Any CPU.Deploy.0 = AppStore|iPhone
		{D3AC030D-1CEE-4F28-85D4-2ADEC287BF2A}.AppStore|ARM.ActiveCfg = AppStore|iPhone
		{D3AC030D-1CEE-4F28-85D4-2ADEC287BF2A}.AppStore|ARM.Build.0 = AppStore|iPhone
		{D3AC030D-1CEE-4F28-85D4-2ADEC287BF2A}.AppStore|ARM.Deploy.0 = AppStore|iPhone
		{D3AC030D-1CEE-4F28-85D4-2ADEC287BF2A}.AppStore|iPhone.ActiveCfg = AppStore|iPhone
		{D3AC030D-1CEE-4F28-85D4-2ADEC287BF2A}.AppStore|iPhone.Build.0 = AppStore|iPhone
		{D3AC030D-1CEE-4F28-85D4-2ADEC287BF2A}.AppStore|iPhone.Deploy.0 = AppStore|iPhone
		{D3AC030D-1CEE-4F28-85D4-2ADEC287BF2A}.AppStore|iPhoneSimulator.ActiveCfg = AppStore|iPhoneSimulator
		{D3AC030D-1CEE-4F28-85D4-2ADEC287BF2A}.AppStore|iPhoneSimulator.Build.0 = AppStore|iPhoneSimulator
		{D3AC030D-1CEE-4F28-85D4-2ADEC287BF2A}.AppStore|iPhoneSimulator.Deploy.0 = AppStore|iPhoneSimulator
		{D3AC030D-1CEE-4F28-85D4-2ADEC287BF2A}.AppStore|x64.ActiveCfg = AppStore|iPhone
		{D3AC030D-1CEE-4F28-85D4-2ADEC287BF2A}.AppStore|x64.Build.0 = AppStore|iPhone
		{D3AC030D-1CEE-4F28-85D4-2ADEC287BF2A}.AppStore|x64.Deploy.0 = AppStore|iPhone
		{D3AC030D-1CEE-4F28-85D4-2ADEC287BF2A}.AppStore|x86.ActiveCfg = AppStore|iPhone
		{D3AC030D-1CEE-4F28-85D4-2ADEC287BF2A}.AppStore|x86.Build.0 = AppStore|iPhone
		{D3AC030D-1CEE-4F28-85D4-2ADEC287BF2A}.AppStore|x86.Deploy.0 = AppStore|iPhone
		{D3AC030D-1CEE-4F28-85D4-2ADEC287BF2A}.Debug|Any CPU.ActiveCfg = Debug|iPhoneSimulator
		{D3AC030D-1CEE-4F28-85D4-2ADEC287BF2A}.Debug|Any CPU.Build.0 = Debug|iPhoneSimulator
		{D3AC030D-1CEE-4F28-85D4-2ADEC287BF2A}.Debug|Any CPU.Deploy.0 = Debug|iPhoneSimulator
		{D3AC030D-1CEE-4F28-85D4-2ADEC287BF2A}.Debug|ARM.ActiveCfg = Debug|iPhone
		{D3AC030D-1CEE-4F28-85D4-2ADEC287BF2A}.Debug|ARM.Build.0 = Debug|iPhone
		{D3AC030D-1CEE-4F28-85D4-2ADEC287BF2A}.Debug|ARM.Deploy.0 = Debug|iPhone
		{D3AC030D-1CEE-4F28-85D4-2ADEC287BF2A}.Debug|iPhone.ActiveCfg = Debug|iPhone
		{D3AC030D-1CEE-4F28-85D4-2ADEC287BF2A}.Debug|iPhone.Build.0 = Debug|iPhone
		{D3AC030D-1CEE-4F28-85D4-2ADEC287BF2A}.Debug|iPhone.Deploy.0 = Debug|iPhone
		{D3AC030D-1CEE-4F28-85D4-2ADEC287BF2A}.Debug|iPhoneSimulator.ActiveCfg = Debug|iPhoneSimulator
		{D3AC030D-1CEE-4F28-85D4-2ADEC287BF2A}.Debug|iPhoneSimulator.Build.0 = Debug|iPhoneSimulator
		{D3AC030D-1CEE-4F28-85D4-2ADEC287BF2A}.Debug|iPhoneSimulator.Deploy.0 = Debug|iPhoneSimulator
		{D3AC030D-1CEE-4F28-85D4-2ADEC287BF2A}.Debug|x64.ActiveCfg = Debug|iPhone
		{D3AC030D-1CEE-4F28-85D4-2ADEC287BF2A}.Debug|x64.Build.0 = Debug|iPhone
		{D3AC030D-1CEE-4F28-85D4-2ADEC287BF2A}.Debug|x64.Deploy.0 = Debug|iPhone
		{D3AC030D-1CEE-4F28-85D4-2ADEC287BF2A}.Debug|x86.ActiveCfg = Debug|iPhone
		{D3AC030D-1CEE-4F28-85D4-2ADEC287BF2A}.Debug|x86.Build.0 = Debug|iPhone
		{D3AC030D-1CEE-4F28-85D4-2ADEC287BF2A}.Debug|x86.Deploy.0 = Debug|iPhone
		{D3AC030D-1CEE-4F28-85D4-2ADEC287BF2A}.Release|Any CPU.ActiveCfg = Release|iPhone
		{D3AC030D-1CEE-4F28-85D4-2ADEC287BF2A}.Release|Any CPU.Build.0 = Release|iPhone
		{D3AC030D-1CEE-4F28-85D4-2ADEC287BF2A}.Release|Any CPU.Deploy.0 = Release|iPhone
		{D3AC030D-1CEE-4F28-85D4-2ADEC287BF2A}.Release|ARM.ActiveCfg = Release|iPhone
		{D3AC030D-1CEE-4F28-85D4-2ADEC287BF2A}.Release|ARM.Build.0 = Release|iPhone
		{D3AC030D-1CEE-4F28-85D4-2ADEC287BF2A}.Release|ARM.Deploy.0 = Release|iPhone
		{D3AC030D-1CEE-4F28-85D4-2ADEC287BF2A}.Release|iPhone.ActiveCfg = Release|iPhone
		{D3AC030D-1CEE-4F28-85D4-2ADEC287BF2A}.Release|iPhone.Build.0 = Release|iPhone
		{D3AC030D-1CEE-4F28-85D4-2ADEC287BF2A}.Release|iPhone.Deploy.0 = Release|iPhone
		{D3AC030D-1CEE-4F28-85D4-2ADEC287BF2A}.Release|iPhoneSimulator.ActiveCfg = Release|iPhoneSimulator
		{D3AC030D-1CEE-4F28-85D4-2ADEC287BF2A}.Release|iPhoneSimulator.Build.0 = Release|iPhoneSimulator
		{D3AC030D-1CEE-4F28-85D4-2ADEC287BF2A}.Release|iPhoneSimulator.Deploy.0 = Release|iPhoneSimulator
		{D3AC030D-1CEE-4F28-85D4-2ADEC287BF2A}.Release|x64.ActiveCfg = Release|iPhone
		{D3AC030D-1CEE-4F28-85D4-2ADEC287BF2A}.Release|x64.Build.0 = Release|iPhone
		{D3AC030D-1CEE-4F28-85D4-2ADEC287BF2A}.Release|x64.Deploy.0 = Release|iPhone
		{D3AC030D-1CEE-4F28-85D4-2ADEC287BF2A}.Release|x86.ActiveCfg = Release|iPhone
		{D3AC030D-1CEE-4F28-85D4-2ADEC287BF2A}.Release|x86.Build.0 = Release|iPhone
		{D3AC030D-1CEE-4F28-85D4-2ADEC287BF2A}.Release|x86.Deploy.0 = Release|iPhone
		{DC728A39-E84C-4B07-A2BE-502DC436F210}.Ad-Hoc|Any CPU.ActiveCfg = Release|x86
		{DC728A39-E84C-4B07-A2BE-502DC436F210}.Ad-Hoc|Any CPU.Build.0 = Release|x86
		{DC728A39-E84C-4B07-A2BE-502DC436F210}.Ad-Hoc|Any CPU.Deploy.0 = Release|x86
		{DC728A39-E84C-4B07-A2BE-502DC436F210}.Ad-Hoc|ARM.ActiveCfg = Release|ARM
		{DC728A39-E84C-4B07-A2BE-502DC436F210}.Ad-Hoc|ARM.Build.0 = Release|ARM
		{DC728A39-E84C-4B07-A2BE-502DC436F210}.Ad-Hoc|ARM.Deploy.0 = Release|ARM
		{DC728A39-E84C-4B07-A2BE-502DC436F210}.Ad-Hoc|iPhone.ActiveCfg = Release|x86
		{DC728A39-E84C-4B07-A2BE-502DC436F210}.Ad-Hoc|iPhone.Build.0 = Release|x86
		{DC728A39-E84C-4B07-A2BE-502DC436F210}.Ad-Hoc|iPhone.Deploy.0 = Release|x86
		{DC728A39-E84C-4B07-A2BE-502DC436F210}.Ad-Hoc|iPhoneSimulator.ActiveCfg = Release|x86
		{DC728A39-E84C-4B07-A2BE-502DC436F210}.Ad-Hoc|iPhoneSimulator.Build.0 = Release|x86
		{DC728A39-E84C-4B07-A2BE-502DC436F210}.Ad-Hoc|iPhoneSimulator.Deploy.0 = Release|x86
		{DC728A39-E84C-4B07-A2BE-502DC436F210}.Ad-Hoc|x64.ActiveCfg = Release|x64
		{DC728A39-E84C-4B07-A2BE-502DC436F210}.Ad-Hoc|x64.Build.0 = Release|x64
		{DC728A39-E84C-4B07-A2BE-502DC436F210}.Ad-Hoc|x64.Deploy.0 = Release|x64
		{DC728A39-E84C-4B07-A2BE-502DC436F210}.Ad-Hoc|x86.ActiveCfg = Release|x86
		{DC728A39-E84C-4B07-A2BE-502DC436F210}.Ad-Hoc|x86.Build.0 = Release|x86
		{DC728A39-E84C-4B07-A2BE-502DC436F210}.Ad-Hoc|x86.Deploy.0 = Release|x86
		{DC728A39-E84C-4B07-A2BE-502DC436F210}.AppStore|Any CPU.ActiveCfg = Release|x86
		{DC728A39-E84C-4B07-A2BE-502DC436F210}.AppStore|Any CPU.Build.0 = Release|x86
		{DC728A39-E84C-4B07-A2BE-502DC436F210}.AppStore|Any CPU.Deploy.0 = Release|x86
		{DC728A39-E84C-4B07-A2BE-502DC436F210}.AppStore|ARM.ActiveCfg = Release|ARM
		{DC728A39-E84C-4B07-A2BE-502DC436F210}.AppStore|ARM.Build.0 = Release|ARM
		{DC728A39-E84C-4B07-A2BE-502DC436F210}.AppStore|ARM.Deploy.0 = Release|ARM
		{DC728A39-E84C-4B07-A2BE-502DC436F210}.AppStore|iPhone.ActiveCfg = Release|x86
		{DC728A39-E84C-4B07-A2BE-502DC436F210}.AppStore|iPhone.Build.0 = Release|x86
		{DC728A39-E84C-4B07-A2BE-502DC436F210}.AppStore|iPhone.Deploy.0 = Release|x86
		{DC728A39-E84C-4B07-A2BE-502DC436F210}.AppStore|iPhoneSimulator.ActiveCfg = Release|x86
		{DC728A39-E84C-4B07-A2BE-502DC436F210}.AppStore|iPhoneSimulator.Build.0 = Release|x86
		{DC728A39-E84C-4B07-A2BE-502DC436F210}.AppStore|iPhoneSimulator.Deploy.0 = Release|x86
		{DC728A39-E84C-4B07-A2BE-502DC436F210}.AppStore|x64.ActiveCfg = Release|x64
		{DC728A39-E84C-4B07-A2BE-502DC436F210}.AppStore|x64.Build.0 = Release|x64
		{DC728A39-E84C-4B07-A2BE-502DC436F210}.AppStore|x64.Deploy.0 = Release|x64
		{DC728A39-E84C-4B07-A2BE-502DC436F210}.AppStore|x86.ActiveCfg = Release|x86
		{DC728A39-E84C-4B07-A2BE-502DC436F210}.AppStore|x86.Build.0 = Release|x86
		{DC728A39-E84C-4B07-A2BE-502DC436F210}.AppStore|x86.Deploy.0 = Release|x86
		{DC728A39-E84C-4B07-A2BE-502DC436F210}.Debug|Any CPU.ActiveCfg = Debug|x86
		{DC728A39-E84C-4B07-A2BE-502DC436F210}.Debug|Any CPU.Build.0 = Debug|x86
		{DC728A39-E84C-4B07-A2BE-502DC436F210}.Debug|Any CPU.Deploy.0 = Debug|x86
		{DC728A39-E84C-4B07-A2BE-502DC436F210}.Debug|ARM.ActiveCfg = Debug|ARM
		{DC728A39-E84C-4B07-A2BE-502DC436F210}.Debug|ARM.Build.0 = Debug|ARM
		{DC728A39-E84C-4B07-A2BE-502DC436F210}.Debug|ARM.Deploy.0 = Debug|ARM
		{DC728A39-E84C-4B07-A2BE-502DC436F210}.Debug|iPhone.ActiveCfg = Debug|x86
		{DC728A39-E84C-4B07-A2BE-502DC436F210}.Debug|iPhone.Build.0 = Debug|x86
		{DC728A39-E84C-4B07-A2BE-502DC436F210}.Debug|iPhone.Deploy.0 = Debug|x86
		{DC728A39-E84C-4B07-A2BE-502DC436F210}.Debug|iPhoneSimulator.ActiveCfg = Debug|x86
		{DC728A39-E84C-4B07-A2BE-502DC436F210}.Debug|iPhoneSimulator.Build.0 = Debug|x86
		{DC728A39-E84C-4B07-A2BE-502DC436F210}.Debug|iPhoneSimulator.Deploy.0 = Debug|x86
		{DC728A39-E84C-4B07-A2BE-502DC436F210}.Debug|x64.ActiveCfg = Debug|x64
		{DC728A39-E84C-4B07-A2BE-502DC436F210}.Debug|x64.Build.0 = Debug|x64
		{DC728A39-E84C-4B07-A2BE-502DC436F210}.Debug|x64.Deploy.0 = Debug|x64
		{DC728A39-E84C-4B07-A2BE-502DC436F210}.Debug|x86.ActiveCfg = Debug|x86
		{DC728A39-E84C-4B07-A2BE-502DC436F210}.Debug|x86.Build.0 = Debug|x86
		{DC728A39-E84C-4B07-A2BE-502DC436F210}.Debug|x86.Deploy.0 = Debug|x86
		{DC728A39-E84C-4B07-A2BE-502DC436F210}.Release|Any CPU.ActiveCfg = Release|x86
		{DC728A39-E84C-4B07-A2BE-502DC436F210}.Release|Any CPU.Build.0 = Release|x86
		{DC728A39-E84C-4B07-A2BE-502DC436F210}.Release|Any CPU.Deploy.0 = Release|x86
		{DC728A39-E84C-4B07-A2BE-502DC436F210}.Release|ARM.ActiveCfg = Release|ARM
		{DC728A39-E84C-4B07-A2BE-502DC436F210}.Release|ARM.Build.0 = Release|ARM
		{DC728A39-E84C-4B07-A2BE-502DC436F210}.Release|ARM.Deploy.0 = Release|ARM
		{DC728A39-E84C-4B07-A2BE-502DC436F210}.Release|iPhone.ActiveCfg = Release|x86
		{DC728A39-E84C-4B07-A2BE-502DC436F210}.Release|iPhone.Build.0 = Release|x86
		{DC728A39-E84C-4B07-A2BE-502DC436F210}.Release|iPhone.Deploy.0 = Release|x86
		{DC728A39-E84C-4B07-A2BE-502DC436F210}.Release|iPhoneSimulator.ActiveCfg = Release|x86
		{DC728A39-E84C-4B07-A2BE-502DC436F210}.Release|iPhoneSimulator.Build.0 = Release|x86
		{DC728A39-E84C-4B07-A2BE-502DC436F210}.Release|iPhoneSimulator.Deploy.0 = Release|x86
		{DC728A39-E84C-4B07-A2BE-502DC436F210}.Release|x64.ActiveCfg = Release|x64
		{DC728A39-E84C-4B07-A2BE-502DC436F210}.Release|x64.Build.0 = Release|x64
		{DC728A39-E84C-4B07-A2BE-502DC436F210}.Release|x64.Deploy.0 = Release|x64
		{DC728A39-E84C-4B07-A2BE-502DC436F210}.Release|x86.ActiveCfg = Release|x86
		{DC728A39-E84C-4B07-A2BE-502DC436F210}.Release|x86.Build.0 = Release|x86
		{DC728A39-E84C-4B07-A2BE-502DC436F210}.Release|x86.Deploy.0 = Release|x86
		{DC315083-1A27-4A49-8474-1CEC214915AB}.Ad-Hoc|Any CPU.ActiveCfg = Debug|Any CPU
		{DC315083-1A27-4A49-8474-1CEC214915AB}.Ad-Hoc|Any CPU.Build.0 = Debug|Any CPU
		{DC315083-1A27-4A49-8474-1CEC214915AB}.Ad-Hoc|Any CPU.Deploy.0 = Debug|Any CPU
		{DC315083-1A27-4A49-8474-1CEC214915AB}.Ad-Hoc|ARM.ActiveCfg = Debug|Any CPU
		{DC315083-1A27-4A49-8474-1CEC214915AB}.Ad-Hoc|ARM.Build.0 = Debug|Any CPU
		{DC315083-1A27-4A49-8474-1CEC214915AB}.Ad-Hoc|ARM.Deploy.0 = Debug|Any CPU
		{DC315083-1A27-4A49-8474-1CEC214915AB}.Ad-Hoc|iPhone.ActiveCfg = Debug|Any CPU
		{DC315083-1A27-4A49-8474-1CEC214915AB}.Ad-Hoc|iPhone.Build.0 = Debug|Any CPU
		{DC315083-1A27-4A49-8474-1CEC214915AB}.Ad-Hoc|iPhone.Deploy.0 = Debug|Any CPU
		{DC315083-1A27-4A49-8474-1CEC214915AB}.Ad-Hoc|iPhoneSimulator.ActiveCfg = Debug|Any CPU
		{DC315083-1A27-4A49-8474-1CEC214915AB}.Ad-Hoc|iPhoneSimulator.Build.0 = Debug|Any CPU
		{DC315083-1A27-4A49-8474-1CEC214915AB}.Ad-Hoc|iPhoneSimulator.Deploy.0 = Debug|Any CPU
		{DC315083-1A27-4A49-8474-1CEC214915AB}.Ad-Hoc|x64.ActiveCfg = Debug|Any CPU
		{DC315083-1A27-4A49-8474-1CEC214915AB}.Ad-Hoc|x64.Build.0 = Debug|Any CPU
		{DC315083-1A27-4A49-8474-1CEC214915AB}.Ad-Hoc|x64.Deploy.0 = Debug|Any CPU
		{DC315083-1A27-4A49-8474-1CEC214915AB}.Ad-Hoc|x86.ActiveCfg = Debug|Any CPU
		{DC315083-1A27-4A49-8474-1CEC214915AB}.Ad-Hoc|x86.Build.0 = Debug|Any CPU
		{DC315083-1A27-4A49-8474-1CEC214915AB}.Ad-Hoc|x86.Deploy.0 = Debug|Any CPU
		{DC315083-1A27-4A49-8474-1CEC214915AB}.AppStore|Any CPU.ActiveCfg = Debug|Any CPU
		{DC315083-1A27-4A49-8474-1CEC214915AB}.AppStore|Any CPU.Build.0 = Debug|Any CPU
		{DC315083-1A27-4A49-8474-1CEC214915AB}.AppStore|Any CPU.Deploy.0 = Debug|Any CPU
		{DC315083-1A27-4A49-8474-1CEC214915AB}.AppStore|ARM.ActiveCfg = Debug|Any CPU
		{DC315083-1A27-4A49-8474-1CEC214915AB}.AppStore|ARM.Build.0 = Debug|Any CPU
		{DC315083-1A27-4A49-8474-1CEC214915AB}.AppStore|ARM.Deploy.0 = Debug|Any CPU
		{DC315083-1A27-4A49-8474-1CEC214915AB}.AppStore|iPhone.ActiveCfg = Debug|Any CPU
		{DC315083-1A27-4A49-8474-1CEC214915AB}.AppStore|iPhone.Build.0 = Debug|Any CPU
		{DC315083-1A27-4A49-8474-1CEC214915AB}.AppStore|iPhone.Deploy.0 = Debug|Any CPU
		{DC315083-1A27-4A49-8474-1CEC214915AB}.AppStore|iPhoneSimulator.ActiveCfg = Debug|Any CPU
		{DC315083-1A27-4A49-8474-1CEC214915AB}.AppStore|iPhoneSimulator.Build.0 = Debug|Any CPU
		{DC315083-1A27-4A49-8474-1CEC214915AB}.AppStore|iPhoneSimulator.Deploy.0 = Debug|Any CPU
		{DC315083-1A27-4A49-8474-1CEC214915AB}.AppStore|x64.ActiveCfg = Debug|Any CPU
		{DC315083-1A27-4A49-8474-1CEC214915AB}.AppStore|x64.Build.0 = Debug|Any CPU
		{DC315083-1A27-4A49-8474-1CEC214915AB}.AppStore|x64.Deploy.0 = Debug|Any CPU
		{DC315083-1A27-4A49-8474-1CEC214915AB}.AppStore|x86.ActiveCfg = Debug|Any CPU
		{DC315083-1A27-4A49-8474-1CEC214915AB}.AppStore|x86.Build.0 = Debug|Any CPU
		{DC315083-1A27-4A49-8474-1CEC214915AB}.AppStore|x86.Deploy.0 = Debug|Any CPU
		{DC315083-1A27-4A49-8474-1CEC214915AB}.Debug|Any CPU.ActiveCfg = Debug|Any CPU
		{DC315083-1A27-4A49-8474-1CEC214915AB}.Debug|Any CPU.Build.0 = Debug|Any CPU
		{DC315083-1A27-4A49-8474-1CEC214915AB}.Debug|Any CPU.Deploy.0 = Debug|Any CPU
		{DC315083-1A27-4A49-8474-1CEC214915AB}.Debug|ARM.ActiveCfg = Debug|Any CPU
		{DC315083-1A27-4A49-8474-1CEC214915AB}.Debug|ARM.Build.0 = Debug|Any CPU
		{DC315083-1A27-4A49-8474-1CEC214915AB}.Debug|ARM.Deploy.0 = Debug|Any CPU
		{DC315083-1A27-4A49-8474-1CEC214915AB}.Debug|iPhone.ActiveCfg = Debug|Any CPU
		{DC315083-1A27-4A49-8474-1CEC214915AB}.Debug|iPhone.Build.0 = Debug|Any CPU
		{DC315083-1A27-4A49-8474-1CEC214915AB}.Debug|iPhone.Deploy.0 = Debug|Any CPU
		{DC315083-1A27-4A49-8474-1CEC214915AB}.Debug|iPhoneSimulator.ActiveCfg = Debug|Any CPU
		{DC315083-1A27-4A49-8474-1CEC214915AB}.Debug|iPhoneSimulator.Build.0 = Debug|Any CPU
		{DC315083-1A27-4A49-8474-1CEC214915AB}.Debug|iPhoneSimulator.Deploy.0 = Debug|Any CPU
		{DC315083-1A27-4A49-8474-1CEC214915AB}.Debug|x64.ActiveCfg = Debug|Any CPU
		{DC315083-1A27-4A49-8474-1CEC214915AB}.Debug|x64.Build.0 = Debug|Any CPU
		{DC315083-1A27-4A49-8474-1CEC214915AB}.Debug|x64.Deploy.0 = Debug|Any CPU
		{DC315083-1A27-4A49-8474-1CEC214915AB}.Debug|x86.ActiveCfg = Debug|Any CPU
		{DC315083-1A27-4A49-8474-1CEC214915AB}.Debug|x86.Build.0 = Debug|Any CPU
		{DC315083-1A27-4A49-8474-1CEC214915AB}.Debug|x86.Deploy.0 = Debug|Any CPU
		{DC315083-1A27-4A49-8474-1CEC214915AB}.Release|Any CPU.ActiveCfg = Release|Any CPU
		{DC315083-1A27-4A49-8474-1CEC214915AB}.Release|Any CPU.Build.0 = Release|Any CPU
		{DC315083-1A27-4A49-8474-1CEC214915AB}.Release|Any CPU.Deploy.0 = Release|Any CPU
		{DC315083-1A27-4A49-8474-1CEC214915AB}.Release|ARM.ActiveCfg = Release|Any CPU
		{DC315083-1A27-4A49-8474-1CEC214915AB}.Release|ARM.Build.0 = Release|Any CPU
		{DC315083-1A27-4A49-8474-1CEC214915AB}.Release|ARM.Deploy.0 = Release|Any CPU
		{DC315083-1A27-4A49-8474-1CEC214915AB}.Release|iPhone.ActiveCfg = Release|Any CPU
		{DC315083-1A27-4A49-8474-1CEC214915AB}.Release|iPhone.Build.0 = Release|Any CPU
		{DC315083-1A27-4A49-8474-1CEC214915AB}.Release|iPhone.Deploy.0 = Release|Any CPU
		{DC315083-1A27-4A49-8474-1CEC214915AB}.Release|iPhoneSimulator.ActiveCfg = Release|Any CPU
		{DC315083-1A27-4A49-8474-1CEC214915AB}.Release|iPhoneSimulator.Build.0 = Release|Any CPU
		{DC315083-1A27-4A49-8474-1CEC214915AB}.Release|iPhoneSimulator.Deploy.0 = Release|Any CPU
		{DC315083-1A27-4A49-8474-1CEC214915AB}.Release|x64.ActiveCfg = Release|Any CPU
		{DC315083-1A27-4A49-8474-1CEC214915AB}.Release|x64.Build.0 = Release|Any CPU
		{DC315083-1A27-4A49-8474-1CEC214915AB}.Release|x64.Deploy.0 = Release|Any CPU
		{DC315083-1A27-4A49-8474-1CEC214915AB}.Release|x86.ActiveCfg = Release|Any CPU
		{DC315083-1A27-4A49-8474-1CEC214915AB}.Release|x86.Build.0 = Release|Any CPU
		{DC315083-1A27-4A49-8474-1CEC214915AB}.Release|x86.Deploy.0 = Release|Any CPU
	EndGlobalSection
	GlobalSection(SolutionProperties) = preSolution
		HideSolutionNode = FALSE
	EndGlobalSection
	GlobalSection(ExtensibilityGlobals) = postSolution
		SolutionGuid = {A2EF62DB-20A3-4958-A876-C6137369FD01}
	EndGlobalSection
EndGlobal
